
Microsoft Visual Studio Solution File, Format Version 12.00
# Visual Studio 15
VisualStudioVersion = 15.0.27130.2027
MinimumVisualStudioVersion = 10.0.40219.1
Project("{FAE04EC0-301F-11D3-BF4B-00C04F79EFBC}") = "Galileo", "Galileo\Galileo.csproj", "{C218C1B2-B7C3-4C39-8C9E-305FD5D5B28F}"
EndProject
Project("{FAE04EC0-301F-11D3-BF4B-00C04F79EFBC}") = "Captain", "Captain\Captain.csproj", "{56B3A38E-18AF-4C5E-B06A-C73C96A72111}"
EndProject
Project("{FAE04EC0-301F-11D3-BF4B-00C04F79EFBC}") = "ControlLib", "ControlLib\ControlLib.csproj", "{99617879-F60A-40E5-8A18-F09F17076429}"
EndProject
Global
	GlobalSection(SolutionConfigurationPlatforms) = preSolution
		Debug|Any CPU = Debug|Any CPU
		Release|Any CPU = Release|Any CPU
	EndGlobalSection
	GlobalSection(ProjectConfigurationPlatforms) = postSolution
		{C218C1B2-B7C3-4C39-8C9E-305FD5D5B28F}.Debug|Any CPU.ActiveCfg = Debug|Any CPU
		{C218C1B2-B7C3-4C39-8C9E-305FD5D5B28F}.Debug|Any CPU.Build.0 = Debug|Any CPU
		{C218C1B2-B7C3-4C39-8C9E-305FD5D5B28F}.Release|Any CPU.ActiveCfg = Release|Any CPU
		{C218C1B2-B7C3-4C39-8C9E-305FD5D5B28F}.Release|Any CPU.Build.0 = Release|Any CPU
		{56B3A38E-18AF-4C5E-B06A-C73C96A72111}.Debug|Any CPU.ActiveCfg = Debug|Any CPU
		{56B3A38E-18AF-4C5E-B06A-C73C96A72111}.Debug|Any CPU.Build.0 = Debug|Any CPU
		{56B3A38E-18AF-4C5E-B06A-C73C96A72111}.Release|Any CPU.ActiveCfg = Release|Any CPU
		{56B3A38E-18AF-4C5E-B06A-C73C96A72111}.Release|Any CPU.Build.0 = Release|Any CPU
		{99617879-F60A-40E5-8A18-F09F17076429}.Debug|Any CPU.ActiveCfg = Debug|Any CPU
		{99617879-F60A-40E5-8A18-F09F17076429}.Debug|Any CPU.Build.0 = Debug|Any CPU
		{99617879-F60A-40E5-8A18-F09F17076429}.Release|Any CPU.ActiveCfg = Release|Any CPU
		{99617879-F60A-40E5-8A18-F09F17076429}.Release|Any CPU.Build.0 = Release|Any CPU
	EndGlobalSection
	GlobalSection(SolutionProperties) = preSolution
		HideSolutionNode = FALSE
	EndGlobalSection
	GlobalSection(ExtensibilityGlobals) = postSolution
		SolutionGuid = {F9D8F4C4-E8C6-4FB4-9901-8955B2C04110}
	EndGlobalSection
EndGlobal
